// !$*UTF8*$!
{
	archiveVersion = 1;
	classes = {
	};
	objectVersion = 50;
	objects = {

/* Begin PBXBuildFile section */
		B44A887E2188C5B2006B4AD5 /* AppDelegate.swift in Sources */ = {isa = PBXBuildFile; fileRef = B44A887D2188C5B2006B4AD5 /* AppDelegate.swift */; };
		B44A88802188C5B2006B4AD5 /* ViewController.swift in Sources */ = {isa = PBXBuildFile; fileRef = B44A887F2188C5B2006B4AD5 /* ViewController.swift */; };
		B44A88832188C5B2006B4AD5 /* Main.storyboard in Resources */ = {isa = PBXBuildFile; fileRef = B44A88812188C5B2006B4AD5 /* Main.storyboard */; };
		B44A88852188C5B4006B4AD5 /* Assets.xcassets in Resources */ = {isa = PBXBuildFile; fileRef = B44A88842188C5B4006B4AD5 /* Assets.xcassets */; };
		B44A88882188C5B4006B4AD5 /* LaunchScreen.storyboard in Resources */ = {isa = PBXBuildFile; fileRef = B44A88862188C5B4006B4AD5 /* LaunchScreen.storyboard */; };
		B44A88902188C67B006B4AD5 /* Cartfile in Resources */ = {isa = PBXBuildFile; fileRef = B44A888F2188C67B006B4AD5 /* Cartfile */; };
		B44A88922188CCE4006B4AD5 /* Lumina.framework in Frameworks */ = {isa = PBXBuildFile; fileRef = B44A88912188CCE4006B4AD5 /* Lumina.framework */; };
		B44A88932188CCE4006B4AD5 /* Lumina.framework in Embed Frameworks */ = {isa = PBXBuildFile; fileRef = B44A88912188CCE4006B4AD5 /* Lumina.framework */; settings = {ATTRIBUTES = (CodeSignOnCopy, RemoveHeadersOnCopy, ); }; };
		B44A88962188CF5B006B4AD5 /* seefood.mlmodel in Sources */ = {isa = PBXBuildFile; fileRef = B44A88952188CF5B006B4AD5 /* seefood.mlmodel */; };
/* End PBXBuildFile section */

/* Begin PBXCopyFilesBuildPhase section */
		B44A88942188CCE4006B4AD5 /* Embed Frameworks */ = {
			isa = PBXCopyFilesBuildPhase;
			buildActionMask = 2147483647;
			dstPath = "";
			dstSubfolderSpec = 10;
			files = (
				B44A88932188CCE4006B4AD5 /* Lumina.framework in Embed Frameworks */,
			);
			name = "Embed Frameworks";
			runOnlyForDeploymentPostprocessing = 0;
		};
/* End PBXCopyFilesBuildPhase section */

/* Begin PBXFileReference section */
		B44A887A2188C5B2006B4AD5 /* HotDogNotHotDog.app */ = {isa = PBXFileReference; explicitFileType = wrapper.application; includeInIndex = 0; path = HotDogNotHotDog.app; sourceTree = BUILT_PRODUCTS_DIR; };
		B44A887D2188C5B2006B4AD5 /* AppDelegate.swift */ = {isa = PBXFileReference; lastKnownFileType = sourcecode.swift; path = AppDelegate.swift; sourceTree = "<group>"; };
		B44A887F2188C5B2006B4AD5 /* ViewController.swift */ = {isa = PBXFileReference; lastKnownFileType = sourcecode.swift; path = ViewController.swift; sourceTree = "<group>"; };
		B44A88822188C5B2006B4AD5 /* Base */ = {isa = PBXFileReference; lastKnownFileType = file.storyboard; name = Base; path = Base.lproj/Main.storyboard; sourceTree = "<group>"; };
		B44A88842188C5B4006B4AD5 /* Assets.xcassets */ = {isa = PBXFileReference; lastKnownFileType = folder.assetcatalog; path = Assets.xcassets; sourceTree = "<group>"; };
		B44A88872188C5B4006B4AD5 /* Base */ = {isa = PBXFileReference; lastKnownFileType = file.storyboard; name = Base; path = Base.lproj/LaunchScreen.storyboard; sourceTree = "<group>"; };
		B44A88892188C5B4006B4AD5 /* Info.plist */ = {isa = PBXFileReference; lastKnownFileType = text.plist.xml; path = Info.plist; sourceTree = "<group>"; };
		B44A888F2188C67B006B4AD5 /* Cartfile */ = {isa = PBXFileReference; lastKnownFileType = text; path = Cartfile; sourceTree = "<group>"; };
		B44A88912188CCE4006B4AD5 /* Lumina.framework */ = {isa = PBXFileReference; lastKnownFileType = wrapper.framework; name = Lumina.framework; path = Carthage/Build/iOS/Lumina.framework; sourceTree = "<group>"; };
		B44A88952188CF5B006B4AD5 /* seefood.mlmodel */ = {isa = PBXFileReference; lastKnownFileType = file.mlmodel; name = seefood.mlmodel; path = ../../seefood.mlmodel; sourceTree = "<group>"; };
/* End PBXFileReference section */

/* Begin PBXFrameworksBuildPhase section */
		B44A88772188C5B2006B4AD5 /* Frameworks */ = {
			isa = PBXFrameworksBuildPhase;
			buildActionMask = 2147483647;
			files = (
				B44A88922188CCE4006B4AD5 /* Lumina.framework in Frameworks */,
			);
			runOnlyForDeploymentPostprocessing = 0;
		};
/* End PBXFrameworksBuildPhase section */

/* Begin PBXGroup section */
		B44A88712188C5B2006B4AD5 = {
			isa = PBXGroup;
			children = (
				B44A88912188CCE4006B4AD5 /* Lumina.framework */,
				B44A888F2188C67B006B4AD5 /* Cartfile */,
				B44A887C2188C5B2006B4AD5 /* HotDogNotHotDog */,
				B44A887B2188C5B2006B4AD5 /* Products */,
			);
			sourceTree = "<group>";
		};
		B44A887B2188C5B2006B4AD5 /* Products */ = {
			isa = PBXGroup;
			children = (
				B44A887A2188C5B2006B4AD5 /* HotDogNotHotDog.app */,
			);
			name = Products;
			sourceTree = "<group>";
		};
		B44A887C2188C5B2006B4AD5 /* HotDogNotHotDog */ = {
			isa = PBXGroup;
			children = (
				B44A88952188CF5B006B4AD5 /* seefood.mlmodel */,
				B44A887D2188C5B2006B4AD5 /* AppDelegate.swift */,
				B44A887F2188C5B2006B4AD5 /* ViewController.swift */,
				B44A88812188C5B2006B4AD5 /* Main.storyboard */,
				B44A88842188C5B4006B4AD5 /* Assets.xcassets */,
				B44A88862188C5B4006B4AD5 /* LaunchScreen.storyboard */,
				B44A88892188C5B4006B4AD5 /* Info.plist */,
			);
			path = HotDogNotHotDog;
			sourceTree = "<group>";
		};
/* End PBXGroup section */

/* Begin PBXNativeTarget section */
		B44A88792188C5B2006B4AD5 /* HotDogNotHotDog */ = {
			isa = PBXNativeTarget;
			buildConfigurationList = B44A888C2188C5B4006B4AD5 /* Build configuration list for PBXNativeTarget "HotDogNotHotDog" */;
			buildPhases = (
				B44A88762188C5B2006B4AD5 /* Sources */,
				B44A88772188C5B2006B4AD5 /* Frameworks */,
				B44A88782188C5B2006B4AD5 /* Resources */,
				B44A88942188CCE4006B4AD5 /* Embed Frameworks */,
			);
			buildRules = (
			);
			dependencies = (
			);
			name = HotDogNotHotDog;
			productName = HotDogNotHotDog;
			productReference = B44A887A2188C5B2006B4AD5 /* HotDogNotHotDog.app */;
			productType = "com.apple.product-type.application";
		};
/* End PBXNativeTarget section */

/* Begin PBXProject section */
		B44A88722188C5B2006B4AD5 /* Project object */ = {
			isa = PBXProject;
			attributes = {
				LastSwiftUpdateCheck = 1000;
				LastUpgradeCheck = 1000;
				ORGANIZATIONNAME = "Sanjeev Ghimire";
				TargetAttributes = {
					B44A88792188C5B2006B4AD5 = {
						CreatedOnToolsVersion = 10.0;
					};
				};
			};
			buildConfigurationList = B44A88752188C5B2006B4AD5 /* Build configuration list for PBXProject "HotDogNotHotDog" */;
			compatibilityVersion = "Xcode 9.3";
			developmentRegion = en;
			hasScannedForEncodings = 0;
			knownRegions = (
				en,
				Base,
			);
			mainGroup = B44A88712188C5B2006B4AD5;
			productRefGroup = B44A887B2188C5B2006B4AD5 /* Products */;
			projectDirPath = "";
			projectRoot = "";
			targets = (
				B44A88792188C5B2006B4AD5 /* HotDogNotHotDog */,
			);
		};
/* End PBXProject section */

/* Begin PBXResourcesBuildPhase section */
		B44A88782188C5B2006B4AD5 /* Resources */ = {
			isa = PBXResourcesBuildPhase;
			buildActionMask = 2147483647;
			files = (
				B44A88882188C5B4006B4AD5 /* LaunchScreen.storyboard in Resources */,
				B44A88852188C5B4006B4AD5 /* Assets.xcassets in Resources */,
				B44A88902188C67B006B4AD5 /* Cartfile in Resources */,
				B44A88832188C5B2006B4AD5 /* Main.storyboard in Resources */,
			);
			runOnlyForDeploymentPostprocessing = 0;
		};
/* End PBXResourcesBuildPhase section */

/* Begin PBXSourcesBuildPhase section */
		B44A88762188C5B2006B4AD5 /* Sources */ = {
			isa = PBXSourcesBuildPhase;
			buildActionMask = 2147483647;
			files = (
				B44A88802188C5B2006B4AD5 /* ViewController.swift in Sources */,
				B44A887E2188C5B2006B4AD5 /* AppDelegate.swift in Sources */,
				B44A88962188CF5B006B4AD5 /* seefood.mlmodel in Sources */,
			);
			runOnlyForDeploymentPostprocessing = 0;
		};
/* End PBXSourcesBuildPhase section */

/* Begin PBXVariantGroup section */
		B44A88812188C5B2006B4AD5 /* Main.storyboard */ = {
			isa = PBXVariantGroup;
			children = (
				B44A88822188C5B2006B4AD5 /* Base */,
			);
			name = Main.storyboard;
			sourceTree = "<group>";
		};
		B44A88862188C5B4006B4AD5 /* LaunchScreen.storyboard */ = {
			isa = PBXVariantGroup;
			children = (
				B44A88872188C5B4006B4AD5 /* Base */,
			);
			name = LaunchScreen.storyboard;
			sourceTree = "<group>";
		};
/* End PBXVariantGroup section */

/* Begin XCBuildConfiguration section */
		B44A888A2188C5B4006B4AD5 /* Debug */ = {
			isa = XCBuildConfiguration;
			buildSettings = {
				ALWAYS_SEARCH_USER_PATHS = NO;
				CLANG_ANALYZER_NONNULL = YES;
				CLANG_ANALYZER_NUMBER_OBJECT_CONVERSION = YES_AGGRESSIVE;
				CLANG_CXX_LANGUAGE_STANDARD = "gnu++14";
				CLANG_CXX_LIBRARY = "libc++";
				CLANG_ENABLE_MODULES = YES;
				CLANG_ENABLE_OBJC_ARC = YES;
				CLANG_ENABLE_OBJC_WEAK = YES;
				CLANG_WARN_BLOCK_CAPTURE_AUTORELEASING = YES;
				CLANG_WARN_BOOL_CONVERSION = YES;
				CLANG_WARN_COMMA = YES;
				CLANG_WARN_CONSTANT_CONVERSION = YES;
				CLANG_WARN_DEPRECATED_OBJC_IMPLEMENTATIONS = YES;
				CLANG_WARN_DIRECT_OBJC_ISA_USAGE = YES_ERROR;
				CLANG_WARN_DOCUMENTATION_COMMENTS = YES;
				CLANG_WARN_EMPTY_BODY = YES;
				CLANG_WARN_ENUM_CONVERSION = YES;
				CLANG_WARN_INFINITE_RECURSION = YES;
				CLANG_WARN_INT_CONVERSION = YES;
				CLANG_WARN_NON_LITERAL_NULL_CONVERSION = YES;
				CLANG_WARN_OBJC_IMPLICIT_RETAIN_SELF = YES;
				CLANG_WARN_OBJC_LITERAL_CONVERSION = YES;
				CLANG_WARN_OBJC_ROOT_CLASS = YES_ERROR;
				CLANG_WARN_RANGE_LOOP_ANALYSIS = YES;
				CLANG_WARN_STRICT_PROTOTYPES = YES;
				CLANG_WARN_SUSPICIOUS_MOVE = YES;
				CLANG_WARN_UNGUARDED_AVAILABILITY = YES_AGGRESSIVE;
				CLANG_WARN_UNREACHABLE_CODE = YES;
				CLANG_WARN__DUPLICATE_METHOD_MATCH = YES;
				CODE_SIGN_IDENTITY = "iPhone Developer";
				COPY_PHASE_STRIP = NO;
				DEBUG_INFORMATION_FORMAT = dwarf;
				ENABLE_STRICT_OBJC_MSGSEND = YES;
				ENABLE_TESTABILITY = YES;
				GCC_C_LANGUAGE_STANDARD = gnu11;
				GCC_DYNAMIC_NO_PIC = NO;
				GCC_NO_COMMON_BLOCKS = YES;
				GCC_OPTIMIZATION_LEVEL = 0;
				GCC_PREPROCESSOR_DEFINITIONS = (
					"DEBUG=1",
					"$(inherited)",
				);
				GCC_WARN_64_TO_32_BIT_CONVERSION = YES;
				GCC_WARN_ABOUT_RETURN_TYPE = YES_ERROR;
				GCC_WARN_UNDECLARED_SELECTOR = YES;
				GCC_WARN_UNINITIALIZED_AUTOS = YES_AGGRESSIVE;
				GCC_WARN_UNUSED_FUNCTION = YES;
				GCC_WARN_UNUSED_VARIABLE = YES;
				IPHONEOS_DEPLOYMENT_TARGET = 12.0;
				MTL_ENABLE_DEBUG_INFO = INCLUDE_SOURCE;
				MTL_FAST_MATH = YES;
				ONLY_ACTIVE_ARCH = YES;
				SDKROOT = iphoneos;
				SWIFT_ACTIVE_COMPILATION_CONDITIONS = DEBUG;
				SWIFT_OPTIMIZATION_LEVEL = "-Onone";
			};
			name = Debug;
		};
		B44A888B2188C5B4006B4AD5 /* Release */ = {
			isa = XCBuildConfiguration;
			buildSettings = {
				ALWAYS_SEARCH_USER_PATHS = NO;
				CLANG_ANALYZER_NONNULL = YES;
				CLANG_ANALYZER_NUMBER_OBJECT_CONVERSION = YES_AGGRESSIVE;
				CLANG_CXX_LANGUAGE_STANDARD = "gnu++14";
				CLANG_CXX_LIBRARY = "libc++";
				CLANG_ENABLE_MODULES = YES;
				CLANG_ENABLE_OBJC_ARC = YES;
				CLANG_ENABLE_OBJC_WEAK = YES;
				CLANG_WARN_BLOCK_CAPTURE_AUTORELEASING = YES;
				CLANG_WARN_BOOL_CONVERSION = YES;
				CLANG_WARN_COMMA = YES;
				CLANG_WARN_CONSTANT_CONVERSION = YES;
				CLANG_WARN_DEPRECATED_OBJC_IMPLEMENTATIONS = YES;
				CLANG_WARN_DIRECT_OBJC_ISA_USAGE = YES_ERROR;
				CLANG_WARN_DOCUMENTATION_COMMENTS = YES;
				CLANG_WARN_EMPTY_BODY = YES;
				CLANG_WARN_ENUM_CONVERSION = YES;
				CLANG_WARN_INFINITE_RECURSION = YES;
				CLANG_WARN_INT_CONVERSION = YES;
				CLANG_WARN_NON_LITERAL_NULL_CONVERSION = YES;
				CLANG_WARN_OBJC_IMPLICIT_RETAIN_SELF = YES;
				CLANG_WARN_OBJC_LITERAL_CONVERSION = YES;
				CLANG_WARN_OBJC_ROOT_CLASS = YES_ERROR;
				CLANG_WARN_RANGE_LOOP_ANALYSIS = YES;
				CLANG_WARN_STRICT_PROTOTYPES = YES;
				CLANG_WARN_SUSPICIOUS_MOVE = YES;
				CLANG_WARN_UNGUARDED_AVAILABILITY = YES_AGGRESSIVE;
				CLANG_WARN_UNREACHABLE_CODE = YES;
				CLANG_WARN__DUPLICATE_METHOD_MATCH = YES;
				CODE_SIGN_IDENTITY = "iPhone Developer";
				COPY_PHASE_STRIP = NO;
				DEBUG_INFORMATION_FORMAT = "dwarf-with-dsym";
				ENABLE_NS_ASSERTIONS = NO;
				ENABLE_STRICT_OBJC_MSGSEND = YES;
				GCC_C_LANGUAGE_STANDARD = gnu11;
				GCC_NO_COMMON_BLOCKS = YES;
				GCC_WARN_64_TO_32_BIT_CONVERSION = YES;
				GCC_WARN_ABOUT_RETURN_TYPE = YES_ERROR;
				GCC_WARN_UNDECLARED_SELECTOR = YES;
				GCC_WARN_UNINITIALIZED_AUTOS = YES_AGGRESSIVE;
				GCC_WARN_UNUSED_FUNCTION = YES;
				GCC_WARN_UNUSED_VARIABLE = YES;
				IPHONEOS_DEPLOYMENT_TARGET = 12.0;
				MTL_ENABLE_DEBUG_INFO = NO;
				MTL_FAST_MATH = YES;
				SDKROOT = iphoneos;
				SWIFT_COMPILATION_MODE = wholemodule;
				SWIFT_OPTIMIZATION_LEVEL = "-O";
				VALIDATE_PRODUCT = YES;
			};
			name = Release;
		};
		B44A888D2188C5B4006B4AD5 /* Debug */ = {
			isa = XCBuildConfiguration;
			buildSettings = {
				ASSETCATALOG_COMPILER_APPICON_NAME = AppIcon;
				CODE_SIGN_STYLE = Automatic;
				DEVELOPMENT_TEAM = 8T393AQ955;
				FRAMEWORK_SEARCH_PATHS = (
					"$(inherited)",
					"$(PROJECT_DIR)/Carthage/Build/iOS",
				);
				INFOPLIST_FILE = HotDogNotHotDog/Info.plist;
				IPHONEOS_DEPLOYMENT_TARGET = 12.0;
				LD_RUNPATH_SEARCH_PATHS = (
					"$(inherited)",
					"@executable_path/Frameworks",
				);
				PRODUCT_BUNDLE_IDENTIFIER = com.ibm.HotDogNotHotDog;
				PRODUCT_NAME = "$(TARGET_NAME)";
				SWIFT_VERSION = 4.2;
				TARGETED_DEVICE_FAMILY = "1,2";
			};
			name = Debug;
		};
		B44A888E2188C5B4006B4AD5 /* Release */ = {
			isa = XCBuildConfiguration;
			buildSettings = {
				ASSETCATALOG_COMPILER_APPICON_NAME = AppIcon;
				CODE_SIGN_STYLE = Automatic;
				DEVELOPMENT_TEAM = 8T393AQ955;
				FRAMEWORK_SEARCH_PATHS = (
					"$(inherited)",
					"$(PROJECT_DIR)/Carthage/Build/iOS",
				);
				INFOPLIST_FILE = HotDogNotHotDog/Info.plist;
				IPHONEOS_DEPLOYMENT_TARGET = 12.0;
				LD_RUNPATH_SEARCH_PATHS = (
					"$(inherited)",
					"@executable_path/Frameworks",
				);
				PRODUCT_BUNDLE_IDENTIFIER = com.ibm.HotDogNotHotDog;
				PRODUCT_NAME = "$(TARGET_NAME)";
				SWIFT_VERSION = 4.2;
				TARGETED_DEVICE_FAMILY = "1,2";
			};
			name = Release;
		};
/* End XCBuildConfiguration section */

/* Begin XCConfigurationList section */
		B44A88752188C5B2006B4AD5 /* Build configuration list for PBXProject "HotDogNotHotDog" */ = {
			isa = XCConfigurationList;
			buildConfigurations = (
				B44A888A2188C5B4006B4AD5 /* Debug */,
				B44A888B2188C5B4006B4AD5 /* Release */,
			);
			defaultConfigurationIsVisible = 0;
			defaultConfigurationName = Release;
		};
		B44A888C2188C5B4006B4AD5 /* Build configuration list for PBXNativeTarget "HotDogNotHotDog" */ = {
			isa = XCConfigurationList;
			buildConfigurations = (
				B44A888D2188C5B4006B4AD5 /* Debug */,
				B44A888E2188C5B4006B4AD5 /* Release */,
			);
			defaultConfigurationIsVisible = 0;
			defaultConfigurationName = Release;
		};
/* End XCConfigurationList section */
	};
	rootObject = B44A88722188C5B2006B4AD5 /* Project object */;
}
